
Microsoft Visual Studio Solution File, Format Version 12.00
# Visual Studio Version 17
VisualStudioVersion = 17.4.33213.308
MinimumVisualStudioVersion = 10.0.40219.1
Project("{9A19103F-16F7-4668-BE54-9A1E7A4F7556}") = "BallastLane.API", "BallastLane.API\BallastLane.API.csproj", "{48568BFB-D963-4227-8687-D75AC3E4358C}"
EndProject
Project("{9A19103F-16F7-4668-BE54-9A1E7A4F7556}") = "BallastLane.Infrastructure", "BallastLane.Infrastructure\BallastLane.Infrastructure.csproj", "{8D7A8569-BE25-4C41-B05B-B170DFAFA378}"
EndProject
Project("{9A19103F-16F7-4668-BE54-9A1E7A4F7556}") = "BallastLane.Domain", "BallastLane.Domain\BallastLane.Domain.csproj", "{8BC828DF-1F89-4F36-8031-AB86C572BF54}"
EndProject
Project("{9A19103F-16F7-4668-BE54-9A1E7A4F7556}") = "BallastLane.Application", "BallastLane.Application\BallastLane.Application.csproj", "{89F50FE1-E61B-4800-8BFA-8DC13C02E34C}"
EndProject
Project("{9A19103F-16F7-4668-BE54-9A1E7A4F7556}") = "BallastLane.Test", "BallastLane.Test\BallastLane.Test.csproj", "{94BFD4D4-7B28-4FF8-9D65-655E2776C846}"
EndProject
Global
	GlobalSection(SolutionConfigurationPlatforms) = preSolution
		Debug|Any CPU = Debug|Any CPU
		Release|Any CPU = Release|Any CPU
	EndGlobalSection
	GlobalSection(ProjectConfigurationPlatforms) = postSolution
		{48568BFB-D963-4227-8687-D75AC3E4358C}.Debug|Any CPU.ActiveCfg = Debug|Any CPU
		{48568BFB-D963-4227-8687-D75AC3E4358C}.Debug|Any CPU.Build.0 = Debug|Any CPU
		{48568BFB-D963-4227-8687-D75AC3E4358C}.Release|Any CPU.ActiveCfg = Release|Any CPU
		{48568BFB-D963-4227-8687-D75AC3E4358C}.Release|Any CPU.Build.0 = Release|Any CPU
		{8D7A8569-BE25-4C41-B05B-B170DFAFA378}.Debug|Any CPU.ActiveCfg = Debug|Any CPU
		{8D7A8569-BE25-4C41-B05B-B170DFAFA378}.Debug|Any CPU.Build.0 = Debug|Any CPU
		{8D7A8569-BE25-4C41-B05B-B170DFAFA378}.Release|Any CPU.ActiveCfg = Release|Any CPU
		{8D7A8569-BE25-4C41-B05B-B170DFAFA378}.Release|Any CPU.Build.0 = Release|Any CPU
		{8BC828DF-1F89-4F36-8031-AB86C572BF54}.Debug|Any CPU.ActiveCfg = Debug|Any CPU
		{8BC828DF-1F89-4F36-8031-AB86C572BF54}.Debug|Any CPU.Build.0 = Debug|Any CPU
		{8BC828DF-1F89-4F36-8031-AB86C572BF54}.Release|Any CPU.ActiveCfg = Release|Any CPU
		{8BC828DF-1F89-4F36-8031-AB86C572BF54}.Release|Any CPU.Build.0 = Release|Any CPU
		{89F50FE1-E61B-4800-8BFA-8DC13C02E34C}.Debug|Any CPU.ActiveCfg = Debug|Any CPU
		{89F50FE1-E61B-4800-8BFA-8DC13C02E34C}.Debug|Any CPU.Build.0 = Debug|Any CPU
		{89F50FE1-E61B-4800-8BFA-8DC13C02E34C}.Release|Any CPU.ActiveCfg = Release|Any CPU
		{89F50FE1-E61B-4800-8BFA-8DC13C02E34C}.Release|Any CPU.Build.0 = Release|Any CPU
		{94BFD4D4-7B28-4FF8-9D65-655E2776C846}.Debug|Any CPU.ActiveCfg = Debug|Any CPU
		{94BFD4D4-7B28-4FF8-9D65-655E2776C846}.Debug|Any CPU.Build.0 = Debug|Any CPU
		{94BFD4D4-7B28-4FF8-9D65-655E2776C846}.Release|Any CPU.ActiveCfg = Release|Any CPU
		{94BFD4D4-7B28-4FF8-9D65-655E2776C846}.Release|Any CPU.Build.0 = Release|Any CPU
	EndGlobalSection
	GlobalSection(SolutionProperties) = preSolution
		HideSolutionNode = FALSE
	EndGlobalSection
	GlobalSection(ExtensibilityGlobals) = postSolution
		SolutionGuid = {01FD51F6-AF3A-4670-8B42-94BC1723BD78}
	EndGlobalSection
EndGlobal
